
Microsoft Visual Studio Solution File, Format Version 12.00
# Visual Studio 15
VisualStudioVersion = 15.0.28307.168
MinimumVisualStudioVersion = 10.0.40219.1
Project("{FAE04EC0-301F-11D3-BF4B-00C04F79EFBC}") = "OnTheGoPlayer", "OnTheGoPlayer\OnTheGoPlayer.csproj", "{86BBE860-BBA7-4CE4-AE0C-A7066855130F}"
EndProject
Project("{FAE04EC0-301F-11D3-BF4B-00C04F79EFBC}") = "OnTheGoPlayer.Test", "OnTheGoPlayer.Test\OnTheGoPlayer.Test.csproj", "{FBB2B389-2E6E-4763-9183-D0BC5D362B60}"
EndProject
Project("{2150E333-8FDC-42A3-9474-1A3956D46DE8}") = "Solution Items", "Solution Items", "{C27B0F5D-70F5-465F-B2B4-900A64978AFF}"
	ProjectSection(SolutionItems) = preProject
		NuGet.config = NuGet.config
	EndProjectSection
EndProject
Global
	GlobalSection(SolutionConfigurationPlatforms) = preSolution
		Debug|Any CPU = Debug|Any CPU
		Release|Any CPU = Release|Any CPU
	EndGlobalSection
	GlobalSection(ProjectConfigurationPlatforms) = postSolution
		{86BBE860-BBA7-4CE4-AE0C-A7066855130F}.Debug|Any CPU.ActiveCfg = Debug|Any CPU
		{86BBE860-BBA7-4CE4-AE0C-A7066855130F}.Debug|Any CPU.Build.0 = Debug|Any CPU
		{86BBE860-BBA7-4CE4-AE0C-A7066855130F}.Release|Any CPU.ActiveCfg = Release|Any CPU
		{86BBE860-BBA7-4CE4-AE0C-A7066855130F}.Release|Any CPU.Build.0 = Release|Any CPU
		{FBB2B389-2E6E-4763-9183-D0BC5D362B60}.Debug|Any CPU.ActiveCfg = Debug|Any CPU
		{FBB2B389-2E6E-4763-9183-D0BC5D362B60}.Debug|Any CPU.Build.0 = Debug|Any CPU
		{FBB2B389-2E6E-4763-9183-D0BC5D362B60}.Release|Any CPU.ActiveCfg = Release|Any CPU
		{FBB2B389-2E6E-4763-9183-D0BC5D362B60}.Release|Any CPU.Build.0 = Release|Any CPU
	EndGlobalSection
	GlobalSection(SolutionProperties) = preSolution
		HideSolutionNode = FALSE
	EndGlobalSection
	GlobalSection(ExtensibilityGlobals) = postSolution
		SolutionGuid = {60AEB753-A698-4901-B576-1A5900014AC2}
	EndGlobalSection
EndGlobal
